
Microsoft Visual Studio Solution File, Format Version 12.00
# Visual Studio Version 17
VisualStudioVersion = 17.4.33213.308
MinimumVisualStudioVersion = 10.0.40219.1
Project("{FAE04EC0-301F-11D3-BF4B-00C04F79EFBC}") = "WaMarketProApp", "WaMarketProApp\WaMarketProApp.csproj", "{9450EBC1-7BC2-469E-BD13-5D5620A3953E}"
EndProject
Global
	GlobalSection(SolutionConfigurationPlatforms) = preSolution
		Debug|Any CPU = Debug|Any CPU
		Release|Any CPU = Release|Any CPU
	EndGlobalSection
	GlobalSection(ProjectConfigurationPlatforms) = postSolution
		{9450EBC1-7BC2-469E-BD13-5D5620A3953E}.Debug|Any CPU.ActiveCfg = Debug|Any CPU
		{9450EBC1-7BC2-469E-BD13-5D5620A3953E}.Debug|Any CPU.Build.0 = Debug|Any CPU
		{9450EBC1-7BC2-469E-BD13-5D5620A3953E}.Release|Any CPU.ActiveCfg = Release|Any CPU
		{9450EBC1-7BC2-469E-BD13-5D5620A3953E}.Release|Any CPU.Build.0 = Release|Any CPU
	EndGlobalSection
	GlobalSection(SolutionProperties) = preSolution
		HideSolutionNode = FALSE
	EndGlobalSection
	GlobalSection(ExtensibilityGlobals) = postSolution
		SolutionGuid = {C50B4EFA-363A-4A81-89DE-BA8365B2704A}
	EndGlobalSection
EndGlobal
